
Microsoft Visual Studio Solution File, Format Version 12.00
# Visual Studio Version 16
VisualStudioVersion = 16.0.29905.134
MinimumVisualStudioVersion = 10.0.40219.1
Project("{FAE04EC0-301F-11D3-BF4B-00C04F79EFBC}") = "ProjectDAW", "ProjectDAW.csproj", "{2AD1F910-C512-47EB-B08D-B1CCFA6E4349}"
EndProject
Global
	GlobalSection(SolutionConfigurationPlatforms) = preSolution
		Debug|Any CPU = Debug|Any CPU
		Release|Any CPU = Release|Any CPU
	EndGlobalSection
	GlobalSection(ProjectConfigurationPlatforms) = postSolution
		{2AD1F910-C512-47EB-B08D-B1CCFA6E4349}.Debug|Any CPU.ActiveCfg = Debug|Any CPU
		{2AD1F910-C512-47EB-B08D-B1CCFA6E4349}.Debug|Any CPU.Build.0 = Debug|Any CPU
		{2AD1F910-C512-47EB-B08D-B1CCFA6E4349}.Release|Any CPU.ActiveCfg = Release|Any CPU
		{2AD1F910-C512-47EB-B08D-B1CCFA6E4349}.Release|Any CPU.Build.0 = Release|Any CPU
	EndGlobalSection
	GlobalSection(SolutionProperties) = preSolution
		HideSolutionNode = FALSE
	EndGlobalSection
	GlobalSection(ExtensibilityGlobals) = postSolution
		SolutionGuid = {0D2E4B5A-3399-4F24-A213-EEF8FEF42275}
	EndGlobalSection
EndGlobal
